
Microsoft Visual Studio Solution File, Format Version 12.00
# Visual Studio Version 17
VisualStudioVersion = 17.14.36811.4 d17.14
MinimumVisualStudioVersion = 10.0.40219.1
Project("{FAE04EC0-301F-11D3-BF4B-00C04F79EFBC}") = "CSharp_practice", "CSharp_practice.csproj", "{D4D578CC-507C-46B7-8660-F6055715F8F1}"
EndProject
Global
	GlobalSection(SolutionConfigurationPlatforms) = preSolution
		Debug|Any CPU = Debug|Any CPU
		Release|Any CPU = Release|Any CPU
	EndGlobalSection
	GlobalSection(ProjectConfigurationPlatforms) = postSolution
		{D4D578CC-507C-46B7-8660-F6055715F8F1}.Debug|Any CPU.ActiveCfg = Debug|Any CPU
		{D4D578CC-507C-46B7-8660-F6055715F8F1}.Debug|Any CPU.Build.0 = Debug|Any CPU
		{D4D578CC-507C-46B7-8660-F6055715F8F1}.Release|Any CPU.ActiveCfg = Release|Any CPU
		{D4D578CC-507C-46B7-8660-F6055715F8F1}.Release|Any CPU.Build.0 = Release|Any CPU
	EndGlobalSection
	GlobalSection(SolutionProperties) = preSolution
		HideSolutionNode = FALSE
	EndGlobalSection
	GlobalSection(ExtensibilityGlobals) = postSolution
		SolutionGuid = {604907E7-5F07-4D98-BAD8-BC125ECB8331}
	EndGlobalSection
EndGlobal
